
Microsoft Visual Studio Solution File, Format Version 12.00
# Visual Studio Version 17
VisualStudioVersion = 17.1.32210.238
MinimumVisualStudioVersion = 10.0.40219.1
Project("{9A19103F-16F7-4668-BE54-9A1E7A4F7556}") = "ncrypt.Server", "ncrypt.Server\ncrypt.Server.csproj", "{DF10F2F9-CCB2-4330-9BA8-CE4240C5C48F}"
EndProject
Project("{9A19103F-16F7-4668-BE54-9A1E7A4F7556}") = "ncrypt.Library", "ncrypt.Library\ncrypt.Library.csproj", "{9577FF5B-8B09-4FA0-87D1-11A2410609E5}"
EndProject
Project("{9A19103F-16F7-4668-BE54-9A1E7A4F7556}") = "ncrypt.Library.UnitTests", "ncrypt.Library\Unit-Tests\ncrypt.Library.UnitTests.csproj", "{55AC9596-C1B2-4FA8-BF68-EBB057227115}"
EndProject
Global
	GlobalSection(SolutionConfigurationPlatforms) = preSolution
		Debug|Any CPU = Debug|Any CPU
		Release|Any CPU = Release|Any CPU
	EndGlobalSection
	GlobalSection(ProjectConfigurationPlatforms) = postSolution
		{DF10F2F9-CCB2-4330-9BA8-CE4240C5C48F}.Debug|Any CPU.ActiveCfg = Debug|Any CPU
		{DF10F2F9-CCB2-4330-9BA8-CE4240C5C48F}.Debug|Any CPU.Build.0 = Debug|Any CPU
		{DF10F2F9-CCB2-4330-9BA8-CE4240C5C48F}.Release|Any CPU.ActiveCfg = Release|Any CPU
		{DF10F2F9-CCB2-4330-9BA8-CE4240C5C48F}.Release|Any CPU.Build.0 = Release|Any CPU
		{9577FF5B-8B09-4FA0-87D1-11A2410609E5}.Debug|Any CPU.ActiveCfg = Debug|Any CPU
		{9577FF5B-8B09-4FA0-87D1-11A2410609E5}.Debug|Any CPU.Build.0 = Debug|Any CPU
		{9577FF5B-8B09-4FA0-87D1-11A2410609E5}.Release|Any CPU.ActiveCfg = Release|Any CPU
		{9577FF5B-8B09-4FA0-87D1-11A2410609E5}.Release|Any CPU.Build.0 = Release|Any CPU
		{55AC9596-C1B2-4FA8-BF68-EBB057227115}.Debug|Any CPU.ActiveCfg = Debug|Any CPU
		{55AC9596-C1B2-4FA8-BF68-EBB057227115}.Debug|Any CPU.Build.0 = Debug|Any CPU
		{55AC9596-C1B2-4FA8-BF68-EBB057227115}.Release|Any CPU.ActiveCfg = Release|Any CPU
		{55AC9596-C1B2-4FA8-BF68-EBB057227115}.Release|Any CPU.Build.0 = Release|Any CPU
	EndGlobalSection
	GlobalSection(SolutionProperties) = preSolution
		HideSolutionNode = FALSE
	EndGlobalSection
	GlobalSection(ExtensibilityGlobals) = postSolution
		SolutionGuid = {65F76486-98E0-4B1F-8EAD-EBDECF1E04BD}
	EndGlobalSection
EndGlobal
